// !$*UTF8*$!
{
	archiveVersion = 1;
	classes = {
	};
	objectVersion = 50;
	objects = {

/* Begin PBXBuildFile section */
		2C1EC0E4217371B000EED1F6 /* AppDelegate.swift in Sources */ = {isa = PBXBuildFile; fileRef = 2C1EC0E3217371B000EED1F6 /* AppDelegate.swift */; };
		2C1EC0E9217371B000EED1F6 /* Main.storyboard in Resources */ = {isa = PBXBuildFile; fileRef = 2C1EC0E7217371B000EED1F6 /* Main.storyboard */; };
		2C1EC0EB217371B100EED1F6 /* Assets.xcassets in Resources */ = {isa = PBXBuildFile; fileRef = 2C1EC0EA217371B100EED1F6 /* Assets.xcassets */; };
		2C1EC0EE217371B100EED1F6 /* LaunchScreen.storyboard in Resources */ = {isa = PBXBuildFile; fileRef = 2C1EC0EC217371B100EED1F6 /* LaunchScreen.storyboard */; };
		2C1EC0F62173739100EED1F6 /* NetworkDataManager.swift in Sources */ = {isa = PBXBuildFile; fileRef = 2C1EC0F52173739100EED1F6 /* NetworkDataManager.swift */; };
		2C1EC0F9217373FE00EED1F6 /* City.swift in Sources */ = {isa = PBXBuildFile; fileRef = 2C1EC0F8217373FE00EED1F6 /* City.swift */; };
		2C1EC0FB2173742F00EED1F6 /* Location.swift in Sources */ = {isa = PBXBuildFile; fileRef = 2C1EC0FA2173742F00EED1F6 /* Location.swift */; };
		2C1EC0FD2173745000EED1F6 /* Soruce.swift in Sources */ = {isa = PBXBuildFile; fileRef = 2C1EC0FC2173745000EED1F6 /* Soruce.swift */; };
		2C1EC0FF2173747700EED1F6 /* TimeModel.swift in Sources */ = {isa = PBXBuildFile; fileRef = 2C1EC0FE2173747700EED1F6 /* TimeModel.swift */; };
		2C1EC101217375D400EED1F6 /* CitiesTableViewController.swift in Sources */ = {isa = PBXBuildFile; fileRef = 2C1EC100217375D400EED1F6 /* CitiesTableViewController.swift */; };
/* End PBXBuildFile section */

/* Begin PBXFileReference section */
		2C1EC0E0217371B000EED1F6 /* SunriseSunset.app */ = {isa = PBXFileReference; explicitFileType = wrapper.application; includeInIndex = 0; path = SunriseSunset.app; sourceTree = BUILT_PRODUCTS_DIR; };
		2C1EC0E3217371B000EED1F6 /* AppDelegate.swift */ = {isa = PBXFileReference; lastKnownFileType = sourcecode.swift; path = AppDelegate.swift; sourceTree = "<group>"; };
		2C1EC0E8217371B000EED1F6 /* Base */ = {isa = PBXFileReference; lastKnownFileType = file.storyboard; name = Base; path = Base.lproj/Main.storyboard; sourceTree = "<group>"; };
		2C1EC0EA217371B100EED1F6 /* Assets.xcassets */ = {isa = PBXFileReference; lastKnownFileType = folder.assetcatalog; path = Assets.xcassets; sourceTree = "<group>"; };
		2C1EC0ED217371B100EED1F6 /* Base */ = {isa = PBXFileReference; lastKnownFileType = file.storyboard; name = Base; path = Base.lproj/LaunchScreen.storyboard; sourceTree = "<group>"; };
		2C1EC0EF217371B100EED1F6 /* Info.plist */ = {isa = PBXFileReference; lastKnownFileType = text.plist.xml; path = Info.plist; sourceTree = "<group>"; };
		2C1EC0F52173739100EED1F6 /* NetworkDataManager.swift */ = {isa = PBXFileReference; lastKnownFileType = sourcecode.swift; path = NetworkDataManager.swift; sourceTree = "<group>"; };
		2C1EC0F8217373FE00EED1F6 /* City.swift */ = {isa = PBXFileReference; lastKnownFileType = sourcecode.swift; path = City.swift; sourceTree = "<group>"; };
		2C1EC0FA2173742F00EED1F6 /* Location.swift */ = {isa = PBXFileReference; lastKnownFileType = sourcecode.swift; path = Location.swift; sourceTree = "<group>"; };
		2C1EC0FC2173745000EED1F6 /* Soruce.swift */ = {isa = PBXFileReference; lastKnownFileType = sourcecode.swift; path = Soruce.swift; sourceTree = "<group>"; };
		2C1EC0FE2173747700EED1F6 /* TimeModel.swift */ = {isa = PBXFileReference; lastKnownFileType = sourcecode.swift; path = TimeModel.swift; sourceTree = "<group>"; };
		2C1EC100217375D400EED1F6 /* CitiesTableViewController.swift */ = {isa = PBXFileReference; lastKnownFileType = sourcecode.swift; path = CitiesTableViewController.swift; sourceTree = "<group>"; };
/* End PBXFileReference section */

/* Begin PBXFrameworksBuildPhase section */
		2C1EC0DD217371B000EED1F6 /* Frameworks */ = {
			isa = PBXFrameworksBuildPhase;
			buildActionMask = 2147483647;
			files = (
			);
			runOnlyForDeploymentPostprocessing = 0;
		};
/* End PBXFrameworksBuildPhase section */

/* Begin PBXGroup section */
		2C1EC0D7217371B000EED1F6 = {
			isa = PBXGroup;
			children = (
				2C1EC0E2217371B000EED1F6 /* SunriseSunset */,
				2C1EC0E1217371B000EED1F6 /* Products */,
			);
			sourceTree = "<group>";
		};
		2C1EC0E1217371B000EED1F6 /* Products */ = {
			isa = PBXGroup;
			children = (
				2C1EC0E0217371B000EED1F6 /* SunriseSunset.app */,
			);
			name = Products;
			sourceTree = "<group>";
		};
		2C1EC0E2217371B000EED1F6 /* SunriseSunset */ = {
			isa = PBXGroup;
			children = (
				2C1EC0E3217371B000EED1F6 /* AppDelegate.swift */,
				2C1EC100217375D400EED1F6 /* CitiesTableViewController.swift */,
				2C1EC0E7217371B000EED1F6 /* Main.storyboard */,
				2C1EC0EA217371B100EED1F6 /* Assets.xcassets */,
				2C1EC0EC217371B100EED1F6 /* LaunchScreen.storyboard */,
				2C1EC0F7217373A200EED1F6 /* Models */,
				2C1EC0EF217371B100EED1F6 /* Info.plist */,
			);
			path = SunriseSunset;
			sourceTree = "<group>";
		};
		2C1EC0F7217373A200EED1F6 /* Models */ = {
			isa = PBXGroup;
			children = (
				2C1EC0F52173739100EED1F6 /* NetworkDataManager.swift */,
				2C1EC0F8217373FE00EED1F6 /* City.swift */,
				2C1EC0FA2173742F00EED1F6 /* Location.swift */,
				2C1EC0FC2173745000EED1F6 /* Soruce.swift */,
				2C1EC0FE2173747700EED1F6 /* TimeModel.swift */,
			);
			path = Models;
			sourceTree = "<group>";
		};
/* End PBXGroup section */

/* Begin PBXNativeTarget section */
		2C1EC0DF217371B000EED1F6 /* SunriseSunset */ = {
			isa = PBXNativeTarget;
			buildConfigurationList = 2C1EC0F2217371B100EED1F6 /* Build configuration list for PBXNativeTarget "SunriseSunset" */;
			buildPhases = (
				2C1EC0DC217371B000EED1F6 /* Sources */,
				2C1EC0DD217371B000EED1F6 /* Frameworks */,
				2C1EC0DE217371B000EED1F6 /* Resources */,
			);
			buildRules = (
			);
			dependencies = (
			);
			name = SunriseSunset;
			productName = SunriseSunset;
			productReference = 2C1EC0E0217371B000EED1F6 /* SunriseSunset.app */;
			productType = "com.apple.product-type.application";
		};
/* End PBXNativeTarget section */

/* Begin PBXProject section */
		2C1EC0D8217371B000EED1F6 /* Project object */ = {
			isa = PBXProject;
			attributes = {
				LastSwiftUpdateCheck = 1000;
				LastUpgradeCheck = 1000;
				ORGANIZATIONNAME = Ivan;
				TargetAttributes = {
					2C1EC0DF217371B000EED1F6 = {
						CreatedOnToolsVersion = 10.0;
					};
				};
			};
			buildConfigurationList = 2C1EC0DB217371B000EED1F6 /* Build configuration list for PBXProject "SunriseSunset" */;
			compatibilityVersion = "Xcode 9.3";
			developmentRegion = en;
			hasScannedForEncodings = 0;
			knownRegions = (
				en,
				Base,
			);
			mainGroup = 2C1EC0D7217371B000EED1F6;
			productRefGroup = 2C1EC0E1217371B000EED1F6 /* Products */;
			projectDirPath = "";
			projectRoot = "";
			targets = (
				2C1EC0DF217371B000EED1F6 /* SunriseSunset */,
			);
		};
/* End PBXProject section */

/* Begin PBXResourcesBuildPhase section */
		2C1EC0DE217371B000EED1F6 /* Resources */ = {
			isa = PBXResourcesBuildPhase;
			buildActionMask = 2147483647;
			files = (
				2C1EC0EE217371B100EED1F6 /* LaunchScreen.storyboard in Resources */,
				2C1EC0EB217371B100EED1F6 /* Assets.xcassets in Resources */,
				2C1EC0E9217371B000EED1F6 /* Main.storyboard in Resources */,
			);
			runOnlyForDeploymentPostprocessing = 0;
		};
/* End PBXResourcesBuildPhase section */

/* Begin PBXSourcesBuildPhase section */
		2C1EC0DC217371B000EED1F6 /* Sources */ = {
			isa = PBXSourcesBuildPhase;
			buildActionMask = 2147483647;
			files = (
				2C1EC0FD2173745000EED1F6 /* Soruce.swift in Sources */,
				2C1EC101217375D400EED1F6 /* CitiesTableViewController.swift in Sources */,
				2C1EC0E4217371B000EED1F6 /* AppDelegate.swift in Sources */,
				2C1EC0FF2173747700EED1F6 /* TimeModel.swift in Sources */,
				2C1EC0FB2173742F00EED1F6 /* Location.swift in Sources */,
				2C1EC0F9217373FE00EED1F6 /* City.swift in Sources */,
				2C1EC0F62173739100EED1F6 /* NetworkDataManager.swift in Sources */,
			);
			runOnlyForDeploymentPostprocessing = 0;
		};
/* End PBXSourcesBuildPhase section */

/* Begin PBXVariantGroup section */
		2C1EC0E7217371B000EED1F6 /* Main.storyboard */ = {
			isa = PBXVariantGroup;
			children = (
				2C1EC0E8217371B000EED1F6 /* Base */,
			);
			name = Main.storyboard;
			sourceTree = "<group>";
		};
		2C1EC0EC217371B100EED1F6 /* LaunchScreen.storyboard */ = {
			isa = PBXVariantGroup;
			children = (
				2C1EC0ED217371B100EED1F6 /* Base */,
			);
			name = LaunchScreen.storyboard;
			sourceTree = "<group>";
		};
/* End PBXVariantGroup section */

/* Begin XCBuildConfiguration section */
		2C1EC0F0217371B100EED1F6 /* Debug */ = {
			isa = XCBuildConfiguration;
			buildSettings = {
				ALWAYS_SEARCH_USER_PATHS = NO;
				CLANG_ANALYZER_NONNULL = YES;
				CLANG_ANALYZER_NUMBER_OBJECT_CONVERSION = YES_AGGRESSIVE;
				CLANG_CXX_LANGUAGE_STANDARD = "gnu++14";
				CLANG_CXX_LIBRARY = "libc++";
				CLANG_ENABLE_MODULES = YES;
				CLANG_ENABLE_OBJC_ARC = YES;
				CLANG_ENABLE_OBJC_WEAK = YES;
				CLANG_WARN_BLOCK_CAPTURE_AUTORELEASING = YES;
				CLANG_WARN_BOOL_CONVERSION = YES;
				CLANG_WARN_COMMA = YES;
				CLANG_WARN_CONSTANT_CONVERSION = YES;
				CLANG_WARN_DEPRECATED_OBJC_IMPLEMENTATIONS = YES;
				CLANG_WARN_DIRECT_OBJC_ISA_USAGE = YES_ERROR;
				CLANG_WARN_DOCUMENTATION_COMMENTS = YES;
				CLANG_WARN_EMPTY_BODY = YES;
				CLANG_WARN_ENUM_CONVERSION = YES;
				CLANG_WARN_INFINITE_RECURSION = YES;
				CLANG_WARN_INT_CONVERSION = YES;
				CLANG_WARN_NON_LITERAL_NULL_CONVERSION = YES;
				CLANG_WARN_OBJC_IMPLICIT_RETAIN_SELF = YES;
				CLANG_WARN_OBJC_LITERAL_CONVERSION = YES;
				CLANG_WARN_OBJC_ROOT_CLASS = YES_ERROR;
				CLANG_WARN_RANGE_LOOP_ANALYSIS = YES;
				CLANG_WARN_STRICT_PROTOTYPES = YES;
				CLANG_WARN_SUSPICIOUS_MOVE = YES;
				CLANG_WARN_UNGUARDED_AVAILABILITY = YES_AGGRESSIVE;
				CLANG_WARN_UNREACHABLE_CODE = YES;
				CLANG_WARN__DUPLICATE_METHOD_MATCH = YES;
				CODE_SIGN_IDENTITY = "iPhone Developer";
				COPY_PHASE_STRIP = NO;
				DEBUG_INFORMATION_FORMAT = dwarf;
				ENABLE_STRICT_OBJC_MSGSEND = YES;
				ENABLE_TESTABILITY = YES;
				GCC_C_LANGUAGE_STANDARD = gnu11;
				GCC_DYNAMIC_NO_PIC = NO;
				GCC_NO_COMMON_BLOCKS = YES;
				GCC_OPTIMIZATION_LEVEL = 0;
				GCC_PREPROCESSOR_DEFINITIONS = (
					"DEBUG=1",
					"$(inherited)",
				);
				GCC_WARN_64_TO_32_BIT_CONVERSION = YES;
				GCC_WARN_ABOUT_RETURN_TYPE = YES_ERROR;
				GCC_WARN_UNDECLARED_SELECTOR = YES;
				GCC_WARN_UNINITIALIZED_AUTOS = YES_AGGRESSIVE;
				GCC_WARN_UNUSED_FUNCTION = YES;
				GCC_WARN_UNUSED_VARIABLE = YES;
				IPHONEOS_DEPLOYMENT_TARGET = 12.0;
				MTL_ENABLE_DEBUG_INFO = INCLUDE_SOURCE;
				MTL_FAST_MATH = YES;
				ONLY_ACTIVE_ARCH = YES;
				SDKROOT = iphoneos;
				SWIFT_ACTIVE_COMPILATION_CONDITIONS = DEBUG;
				SWIFT_OPTIMIZATION_LEVEL = "-Onone";
			};
			name = Debug;
		};
		2C1EC0F1217371B100EED1F6 /* Release */ = {
			isa = XCBuildConfiguration;
			buildSettings = {
				ALWAYS_SEARCH_USER_PATHS = NO;
				CLANG_ANALYZER_NONNULL = YES;
				CLANG_ANALYZER_NUMBER_OBJECT_CONVERSION = YES_AGGRESSIVE;
				CLANG_CXX_LANGUAGE_STANDARD = "gnu++14";
				CLANG_CXX_LIBRARY = "libc++";
				CLANG_ENABLE_MODULES = YES;
				CLANG_ENABLE_OBJC_ARC = YES;
				CLANG_ENABLE_OBJC_WEAK = YES;
				CLANG_WARN_BLOCK_CAPTURE_AUTORELEASING = YES;
				CLANG_WARN_BOOL_CONVERSION = YES;
				CLANG_WARN_COMMA = YES;
				CLANG_WARN_CONSTANT_CONVERSION = YES;
				CLANG_WARN_DEPRECATED_OBJC_IMPLEMENTATIONS = YES;
				CLANG_WARN_DIRECT_OBJC_ISA_USAGE = YES_ERROR;
				CLANG_WARN_DOCUMENTATION_COMMENTS = YES;
				CLANG_WARN_EMPTY_BODY = YES;
				CLANG_WARN_ENUM_CONVERSION = YES;
				CLANG_WARN_INFINITE_RECURSION = YES;
				CLANG_WARN_INT_CONVERSION = YES;
				CLANG_WARN_NON_LITERAL_NULL_CONVERSION = YES;
				CLANG_WARN_OBJC_IMPLICIT_RETAIN_SELF = YES;
				CLANG_WARN_OBJC_LITERAL_CONVERSION = YES;
				CLANG_WARN_OBJC_ROOT_CLASS = YES_ERROR;
				CLANG_WARN_RANGE_LOOP_ANALYSIS = YES;
				CLANG_WARN_STRICT_PROTOTYPES = YES;
				CLANG_WARN_SUSPICIOUS_MOVE = YES;
				CLANG_WARN_UNGUARDED_AVAILABILITY = YES_AGGRESSIVE;
				CLANG_WARN_UNREACHABLE_CODE = YES;
				CLANG_WARN__DUPLICATE_METHOD_MATCH = YES;
				CODE_SIGN_IDENTITY = "iPhone Developer";
				COPY_PHASE_STRIP = NO;
				DEBUG_INFORMATION_FORMAT = "dwarf-with-dsym";
				ENABLE_NS_ASSERTIONS = NO;
				ENABLE_STRICT_OBJC_MSGSEND = YES;
				GCC_C_LANGUAGE_STANDARD = gnu11;
				GCC_NO_COMMON_BLOCKS = YES;
				GCC_WARN_64_TO_32_BIT_CONVERSION = YES;
				GCC_WARN_ABOUT_RETURN_TYPE = YES_ERROR;
				GCC_WARN_UNDECLARED_SELECTOR = YES;
				GCC_WARN_UNINITIALIZED_AUTOS = YES_AGGRESSIVE;
				GCC_WARN_UNUSED_FUNCTION = YES;
				GCC_WARN_UNUSED_VARIABLE = YES;
				IPHONEOS_DEPLOYMENT_TARGET = 12.0;
				MTL_ENABLE_DEBUG_INFO = NO;
				MTL_FAST_MATH = YES;
				SDKROOT = iphoneos;
				SWIFT_COMPILATION_MODE = wholemodule;
				SWIFT_OPTIMIZATION_LEVEL = "-O";
				VALIDATE_PRODUCT = YES;
			};
			name = Release;
		};
		2C1EC0F3217371B100EED1F6 /* Debug */ = {
			isa = XCBuildConfiguration;
			buildSettings = {
				ASSETCATALOG_COMPILER_APPICON_NAME = AppIcon;
				CODE_SIGN_STYLE = Automatic;
				DEVELOPMENT_TEAM = 4QB7DY9XND;
				INFOPLIST_FILE = SunriseSunset/Info.plist;
				LD_RUNPATH_SEARCH_PATHS = (
					"$(inherited)",
					"@executable_path/Frameworks",
				);
				PRODUCT_BUNDLE_IDENTIFIER = eOne.SunriseSunset;
				PRODUCT_NAME = "$(TARGET_NAME)";
				SWIFT_VERSION = 4.2;
				TARGETED_DEVICE_FAMILY = "1,2";
			};
			name = Debug;
		};
		2C1EC0F4217371B100EED1F6 /* Release */ = {
			isa = XCBuildConfiguration;
			buildSettings = {
				ASSETCATALOG_COMPILER_APPICON_NAME = AppIcon;
				CODE_SIGN_STYLE = Automatic;
				DEVELOPMENT_TEAM = 4QB7DY9XND;
				INFOPLIST_FILE = SunriseSunset/Info.plist;
				LD_RUNPATH_SEARCH_PATHS = (
					"$(inherited)",
					"@executable_path/Frameworks",
				);
				PRODUCT_BUNDLE_IDENTIFIER = eOne.SunriseSunset;
				PRODUCT_NAME = "$(TARGET_NAME)";
				SWIFT_VERSION = 4.2;
				TARGETED_DEVICE_FAMILY = "1,2";
			};
			name = Release;
		};
/* End XCBuildConfiguration section */

/* Begin XCConfigurationList section */
		2C1EC0DB217371B000EED1F6 /* Build configuration list for PBXProject "SunriseSunset" */ = {
			isa = XCConfigurationList;
			buildConfigurations = (
				2C1EC0F0217371B100EED1F6 /* Debug */,
				2C1EC0F1217371B100EED1F6 /* Release */,
			);
			defaultConfigurationIsVisible = 0;
			defaultConfigurationName = Release;
		};
		2C1EC0F2217371B100EED1F6 /* Build configuration list for PBXNativeTarget "SunriseSunset" */ = {
			isa = XCConfigurationList;
			buildConfigurations = (
				2C1EC0F3217371B100EED1F6 /* Debug */,
				2C1EC0F4217371B100EED1F6 /* Release */,
			);
			defaultConfigurationIsVisible = 0;
			defaultConfigurationName = Release;
		};
/* End XCConfigurationList section */
	};
	rootObject = 2C1EC0D8217371B000EED1F6 /* Project object */;
}
